<Solution>
  <Folder Name="/src/" />
  <Folder Name="/src/APIs/">
    <Project Path="Hotels.APIs/Hotels.APIs.csproj" />
  </Folder>
  <Folder Name="/src/Core/">
    <Project Path="Hotels.Application.Abstraction/Hotels.Application.Abstraction.csproj" />
    <Project Path="Hotels.Application/Hotels.Application.csproj" />
    <Project Path="Hotels.Domain/Hotels.Domain.csproj" />
  </Folder>
  <Folder Name="/src/Infrastrcture/">
    <Project Path="Hotels.Infrastructure.Persistence/Hotels.Infrastructure.Persistence.csproj" />
  </Folder>
  <Folder Name="/src/Shared/">
    <Project Path="Hotels.Shared/Hotels.Shared.csproj" />
  </Folder>
  <Folder Name="/src/UI/" />
  <Folder Name="/test/" />
</Solution>
